
Microsoft Visual Studio Solution File, Format Version 12.00
# Visual Studio 14
VisualStudioVersion = 14.0.25420.1
MinimumVisualStudioVersion = 10.0.40219.1
Project("{FAE04EC0-301F-11D3-BF4B-00C04F79EFBC}") = "ProducerConsumer.Wpf", "ProducerConsumer.Wpf\ProducerConsumer.Wpf.csproj", "{A24150E3-0882-4F1E-A513-0F95768E8ED4}"
EndProject
Project("{FAE04EC0-301F-11D3-BF4B-00C04F79EFBC}") = "ProducerConsumer.Core", "ProducerConsumer.Core\ProducerConsumer.Core.csproj", "{C4B4EECD-7877-4956-BD86-FBA7A0A57487}"
EndProject
Global
	GlobalSection(SolutionConfigurationPlatforms) = preSolution
		Debug|Any CPU = Debug|Any CPU
		Release|Any CPU = Release|Any CPU
	EndGlobalSection
	GlobalSection(ProjectConfigurationPlatforms) = postSolution
		{A24150E3-0882-4F1E-A513-0F95768E8ED4}.Debug|Any CPU.ActiveCfg = Debug|Any CPU
		{A24150E3-0882-4F1E-A513-0F95768E8ED4}.Debug|Any CPU.Build.0 = Debug|Any CPU
		{A24150E3-0882-4F1E-A513-0F95768E8ED4}.Release|Any CPU.ActiveCfg = Release|Any CPU
		{A24150E3-0882-4F1E-A513-0F95768E8ED4}.Release|Any CPU.Build.0 = Release|Any CPU
		{C4B4EECD-7877-4956-BD86-FBA7A0A57487}.Debug|Any CPU.ActiveCfg = Debug|Any CPU
		{C4B4EECD-7877-4956-BD86-FBA7A0A57487}.Debug|Any CPU.Build.0 = Debug|Any CPU
		{C4B4EECD-7877-4956-BD86-FBA7A0A57487}.Release|Any CPU.ActiveCfg = Release|Any CPU
		{C4B4EECD-7877-4956-BD86-FBA7A0A57487}.Release|Any CPU.Build.0 = Release|Any CPU
	EndGlobalSection
	GlobalSection(SolutionProperties) = preSolution
		HideSolutionNode = FALSE
	EndGlobalSection
EndGlobal
